
Microsoft Visual Studio Solution File, Format Version 12.00
# Visual Studio Version 17
VisualStudioVersion = 17.3.32901.215
MinimumVisualStudioVersion = 10.0.40219.1
Project("{FAE04EC0-301F-11D3-BF4B-00C04F79EFBC}") = "ShapesList", "ShapesList\ShapesList.csproj", "{176054EC-ECB4-49B1-8D6E-7883157B2850}"
EndProject
Global
	GlobalSection(SolutionConfigurationPlatforms) = preSolution
		Debug|Any CPU = Debug|Any CPU
		Release|Any CPU = Release|Any CPU
	EndGlobalSection
	GlobalSection(ProjectConfigurationPlatforms) = postSolution
		{176054EC-ECB4-49B1-8D6E-7883157B2850}.Debug|Any CPU.ActiveCfg = Debug|Any CPU
		{176054EC-ECB4-49B1-8D6E-7883157B2850}.Debug|Any CPU.Build.0 = Debug|Any CPU
		{176054EC-ECB4-49B1-8D6E-7883157B2850}.Release|Any CPU.ActiveCfg = Release|Any CPU
		{176054EC-ECB4-49B1-8D6E-7883157B2850}.Release|Any CPU.Build.0 = Release|Any CPU
	EndGlobalSection
	GlobalSection(SolutionProperties) = preSolution
		HideSolutionNode = FALSE
	EndGlobalSection
	GlobalSection(ExtensibilityGlobals) = postSolution
		SolutionGuid = {049B158D-E909-4398-AB45-7B51B1F5FC2A}
	EndGlobalSection
EndGlobal
